
Microsoft Visual Studio Solution File, Format Version 12.00
# Visual Studio Version 16
VisualStudioVersion = 16.0.30717.126
MinimumVisualStudioVersion = 10.0.40219.1
Project("{FAE04EC0-301F-11D3-BF4B-00C04F79EFBC}") = "AvailableResourcesCheck", "AvailableResourcesCheck\AvailableResourcesCheck.csproj", "{B5DEDC43-8701-47C3-AEBC-D95F790720F5}"
EndProject
Global
	GlobalSection(SolutionConfigurationPlatforms) = preSolution
		Debug|Any CPU = Debug|Any CPU
		Release|Any CPU = Release|Any CPU
	EndGlobalSection
	GlobalSection(ProjectConfigurationPlatforms) = postSolution
		{B5DEDC43-8701-47C3-AEBC-D95F790720F5}.Debug|Any CPU.ActiveCfg = Debug|Any CPU
		{B5DEDC43-8701-47C3-AEBC-D95F790720F5}.Debug|Any CPU.Build.0 = Debug|Any CPU
		{B5DEDC43-8701-47C3-AEBC-D95F790720F5}.Release|Any CPU.ActiveCfg = Release|Any CPU
		{B5DEDC43-8701-47C3-AEBC-D95F790720F5}.Release|Any CPU.Build.0 = Release|Any CPU
	EndGlobalSection
	GlobalSection(SolutionProperties) = preSolution
		HideSolutionNode = FALSE
	EndGlobalSection
	GlobalSection(ExtensibilityGlobals) = postSolution
		SolutionGuid = {9DDA342B-5F2C-4E41-A054-97566727A0C5}
	EndGlobalSection
EndGlobal
